// !$*UTF8*$!
{
	archiveVersion = 1;
	classes = {
	};
	objectVersion = 50;
	objects = {

/* Begin PBXBuildFile section */
		AB2D13F925FFB0B5008F3D56 /* CommentView.swift in Sources */ = {isa = PBXBuildFile; fileRef = AB2D13F825FFB0B5008F3D56 /* CommentView.swift */; };
		AB2D141125FFB11D008F3D56 /* Term.swift in Sources */ = {isa = PBXBuildFile; fileRef = AB2D141025FFB11D008F3D56 /* Term.swift */; };
		AB2D141625FFB184008F3D56 /* Subject.swift in Sources */ = {isa = PBXBuildFile; fileRef = AB2D141525FFB184008F3D56 /* Subject.swift */; };
		AB2D141B25FFB21C008F3D56 /* Data.swift in Sources */ = {isa = PBXBuildFile; fileRef = AB2D141A25FFB21C008F3D56 /* Data.swift */; };
		AB2D142325FFB736008F3D56 /* SubjectView.swift in Sources */ = {isa = PBXBuildFile; fileRef = AB2D142225FFB736008F3D56 /* SubjectView.swift */; };
		AB8EDF2825FB94FA002CF00F /* CommentCardWriterApp.swift in Sources */ = {isa = PBXBuildFile; fileRef = AB8EDF2725FB94FA002CF00F /* CommentCardWriterApp.swift */; };
		AB8EDF2A25FB94FA002CF00F /* ContentView.swift in Sources */ = {isa = PBXBuildFile; fileRef = AB8EDF2925FB94FA002CF00F /* ContentView.swift */; };
		AB8EDF2C25FB94FB002CF00F /* Assets.xcassets in Resources */ = {isa = PBXBuildFile; fileRef = AB8EDF2B25FB94FB002CF00F /* Assets.xcassets */; };
		AB8EDF2F25FB94FC002CF00F /* Preview Assets.xcassets in Resources */ = {isa = PBXBuildFile; fileRef = AB8EDF2E25FB94FC002CF00F /* Preview Assets.xcassets */; };
		AB8EDF3A25FB94FC002CF00F /* CommentCardWriterTests.swift in Sources */ = {isa = PBXBuildFile; fileRef = AB8EDF3925FB94FC002CF00F /* CommentCardWriterTests.swift */; };
		AB8EDF4525FB94FC002CF00F /* CommentCardWriterUITests.swift in Sources */ = {isa = PBXBuildFile; fileRef = AB8EDF4425FB94FC002CF00F /* CommentCardWriterUITests.swift */; };
		AB8EDF5825FB9555002CF00F /* CommentGenerator.swift in Sources */ = {isa = PBXBuildFile; fileRef = AB8EDF5725FB9555002CF00F /* CommentGenerator.swift */; };
/* End PBXBuildFile section */

/* Begin PBXContainerItemProxy section */
		AB8EDF3625FB94FC002CF00F /* PBXContainerItemProxy */ = {
			isa = PBXContainerItemProxy;
			containerPortal = AB8EDF1C25FB94FA002CF00F /* Project object */;
			proxyType = 1;
			remoteGlobalIDString = AB8EDF2325FB94FA002CF00F;
			remoteInfo = CommentCardWriter;
		};
		AB8EDF4125FB94FC002CF00F /* PBXContainerItemProxy */ = {
			isa = PBXContainerItemProxy;
			containerPortal = AB8EDF1C25FB94FA002CF00F /* Project object */;
			proxyType = 1;
			remoteGlobalIDString = AB8EDF2325FB94FA002CF00F;
			remoteInfo = CommentCardWriter;
		};
/* End PBXContainerItemProxy section */

/* Begin PBXFileReference section */
		AB2D13F825FFB0B5008F3D56 /* CommentView.swift */ = {isa = PBXFileReference; lastKnownFileType = sourcecode.swift; path = CommentView.swift; sourceTree = "<group>"; };
		AB2D141025FFB11D008F3D56 /* Term.swift */ = {isa = PBXFileReference; lastKnownFileType = sourcecode.swift; path = Term.swift; sourceTree = "<group>"; };
		AB2D141525FFB184008F3D56 /* Subject.swift */ = {isa = PBXFileReference; lastKnownFileType = sourcecode.swift; path = Subject.swift; sourceTree = "<group>"; };
		AB2D141A25FFB21C008F3D56 /* Data.swift */ = {isa = PBXFileReference; lastKnownFileType = sourcecode.swift; path = Data.swift; sourceTree = "<group>"; };
		AB2D142225FFB736008F3D56 /* SubjectView.swift */ = {isa = PBXFileReference; lastKnownFileType = sourcecode.swift; path = SubjectView.swift; sourceTree = "<group>"; };
		AB8EDF2425FB94FA002CF00F /* CommentCardWriter.app */ = {isa = PBXFileReference; explicitFileType = wrapper.application; includeInIndex = 0; path = CommentCardWriter.app; sourceTree = BUILT_PRODUCTS_DIR; };
		AB8EDF2725FB94FA002CF00F /* CommentCardWriterApp.swift */ = {isa = PBXFileReference; lastKnownFileType = sourcecode.swift; path = CommentCardWriterApp.swift; sourceTree = "<group>"; };
		AB8EDF2925FB94FA002CF00F /* ContentView.swift */ = {isa = PBXFileReference; lastKnownFileType = sourcecode.swift; path = ContentView.swift; sourceTree = "<group>"; };
		AB8EDF2B25FB94FB002CF00F /* Assets.xcassets */ = {isa = PBXFileReference; lastKnownFileType = folder.assetcatalog; path = Assets.xcassets; sourceTree = "<group>"; };
		AB8EDF2E25FB94FC002CF00F /* Preview Assets.xcassets */ = {isa = PBXFileReference; lastKnownFileType = folder.assetcatalog; path = "Preview Assets.xcassets"; sourceTree = "<group>"; };
		AB8EDF3025FB94FC002CF00F /* Info.plist */ = {isa = PBXFileReference; lastKnownFileType = text.plist.xml; path = Info.plist; sourceTree = "<group>"; };
		AB8EDF3525FB94FC002CF00F /* CommentCardWriterTests.xctest */ = {isa = PBXFileReference; explicitFileType = wrapper.cfbundle; includeInIndex = 0; path = CommentCardWriterTests.xctest; sourceTree = BUILT_PRODUCTS_DIR; };
		AB8EDF3925FB94FC002CF00F /* CommentCardWriterTests.swift */ = {isa = PBXFileReference; lastKnownFileType = sourcecode.swift; path = CommentCardWriterTests.swift; sourceTree = "<group>"; };
		AB8EDF3B25FB94FC002CF00F /* Info.plist */ = {isa = PBXFileReference; lastKnownFileType = text.plist.xml; path = Info.plist; sourceTree = "<group>"; };
		AB8EDF4025FB94FC002CF00F /* CommentCardWriterUITests.xctest */ = {isa = PBXFileReference; explicitFileType = wrapper.cfbundle; includeInIndex = 0; path = CommentCardWriterUITests.xctest; sourceTree = BUILT_PRODUCTS_DIR; };
		AB8EDF4425FB94FC002CF00F /* CommentCardWriterUITests.swift */ = {isa = PBXFileReference; lastKnownFileType = sourcecode.swift; path = CommentCardWriterUITests.swift; sourceTree = "<group>"; };
		AB8EDF4625FB94FC002CF00F /* Info.plist */ = {isa = PBXFileReference; lastKnownFileType = text.plist.xml; path = Info.plist; sourceTree = "<group>"; };
		AB8EDF5725FB9555002CF00F /* CommentGenerator.swift */ = {isa = PBXFileReference; lastKnownFileType = sourcecode.swift; path = CommentGenerator.swift; sourceTree = "<group>"; };
/* End PBXFileReference section */

/* Begin PBXFrameworksBuildPhase section */
		AB8EDF2125FB94FA002CF00F /* Frameworks */ = {
			isa = PBXFrameworksBuildPhase;
			buildActionMask = 2147483647;
			files = (
			);
			runOnlyForDeploymentPostprocessing = 0;
		};
		AB8EDF3225FB94FC002CF00F /* Frameworks */ = {
			isa = PBXFrameworksBuildPhase;
			buildActionMask = 2147483647;
			files = (
			);
			runOnlyForDeploymentPostprocessing = 0;
		};
		AB8EDF3D25FB94FC002CF00F /* Frameworks */ = {
			isa = PBXFrameworksBuildPhase;
			buildActionMask = 2147483647;
			files = (
			);
			runOnlyForDeploymentPostprocessing = 0;
		};
/* End PBXFrameworksBuildPhase section */

/* Begin PBXGroup section */
		AB8EDF1B25FB94FA002CF00F = {
			isa = PBXGroup;
			children = (
				AB8EDF2625FB94FA002CF00F /* CommentCardWriter */,
				AB8EDF3825FB94FC002CF00F /* CommentCardWriterTests */,
				AB8EDF4325FB94FC002CF00F /* CommentCardWriterUITests */,
				AB8EDF2525FB94FA002CF00F /* Products */,
			);
			sourceTree = "<group>";
		};
		AB8EDF2525FB94FA002CF00F /* Products */ = {
			isa = PBXGroup;
			children = (
				AB8EDF2425FB94FA002CF00F /* CommentCardWriter.app */,
				AB8EDF3525FB94FC002CF00F /* CommentCardWriterTests.xctest */,
				AB8EDF4025FB94FC002CF00F /* CommentCardWriterUITests.xctest */,
			);
			name = Products;
			sourceTree = "<group>";
		};
		AB8EDF2625FB94FA002CF00F /* CommentCardWriter */ = {
			isa = PBXGroup;
			children = (
				AB8EDF5625FB9515002CF00F /* View */,
				AB8EDF5525FB950B002CF00F /* Model */,
				AB8EDF2B25FB94FB002CF00F /* Assets.xcassets */,
				AB8EDF3025FB94FC002CF00F /* Info.plist */,
				AB8EDF2D25FB94FC002CF00F /* Preview Content */,
			);
			path = CommentCardWriter;
			sourceTree = "<group>";
		};
		AB8EDF2D25FB94FC002CF00F /* Preview Content */ = {
			isa = PBXGroup;
			children = (
				AB8EDF2E25FB94FC002CF00F /* Preview Assets.xcassets */,
			);
			path = "Preview Content";
			sourceTree = "<group>";
		};
		AB8EDF3825FB94FC002CF00F /* CommentCardWriterTests */ = {
			isa = PBXGroup;
			children = (
				AB8EDF3925FB94FC002CF00F /* CommentCardWriterTests.swift */,
				AB8EDF3B25FB94FC002CF00F /* Info.plist */,
			);
			path = CommentCardWriterTests;
			sourceTree = "<group>";
		};
		AB8EDF4325FB94FC002CF00F /* CommentCardWriterUITests */ = {
			isa = PBXGroup;
			children = (
				AB8EDF4425FB94FC002CF00F /* CommentCardWriterUITests.swift */,
				AB8EDF4625FB94FC002CF00F /* Info.plist */,
			);
			path = CommentCardWriterUITests;
			sourceTree = "<group>";
		};
		AB8EDF5525FB950B002CF00F /* Model */ = {
			isa = PBXGroup;
			children = (
				AB8EDF2725FB94FA002CF00F /* CommentCardWriterApp.swift */,
				AB8EDF5725FB9555002CF00F /* CommentGenerator.swift */,
				AB2D141A25FFB21C008F3D56 /* Data.swift */,
				AB2D141025FFB11D008F3D56 /* Term.swift */,
				AB2D141525FFB184008F3D56 /* Subject.swift */,
			);
			path = Model;
			sourceTree = "<group>";
		};
		AB8EDF5625FB9515002CF00F /* View */ = {
			isa = PBXGroup;
			children = (
				AB8EDF2925FB94FA002CF00F /* ContentView.swift */,
				AB2D142225FFB736008F3D56 /* SubjectView.swift */,
				AB2D13F825FFB0B5008F3D56 /* CommentView.swift */,
			);
			path = View;
			sourceTree = "<group>";
		};
/* End PBXGroup section */

/* Begin PBXNativeTarget section */
		AB8EDF2325FB94FA002CF00F /* CommentCardWriter */ = {
			isa = PBXNativeTarget;
			buildConfigurationList = AB8EDF4925FB94FC002CF00F /* Build configuration list for PBXNativeTarget "CommentCardWriter" */;
			buildPhases = (
				AB8EDF2025FB94FA002CF00F /* Sources */,
				AB8EDF2125FB94FA002CF00F /* Frameworks */,
				AB8EDF2225FB94FA002CF00F /* Resources */,
			);
			buildRules = (
			);
			dependencies = (
			);
			name = CommentCardWriter;
			productName = CommentCardWriter;
			productReference = AB8EDF2425FB94FA002CF00F /* CommentCardWriter.app */;
			productType = "com.apple.product-type.application";
		};
		AB8EDF3425FB94FC002CF00F /* CommentCardWriterTests */ = {
			isa = PBXNativeTarget;
			buildConfigurationList = AB8EDF4C25FB94FC002CF00F /* Build configuration list for PBXNativeTarget "CommentCardWriterTests" */;
			buildPhases = (
				AB8EDF3125FB94FC002CF00F /* Sources */,
				AB8EDF3225FB94FC002CF00F /* Frameworks */,
				AB8EDF3325FB94FC002CF00F /* Resources */,
			);
			buildRules = (
			);
			dependencies = (
				AB8EDF3725FB94FC002CF00F /* PBXTargetDependency */,
			);
			name = CommentCardWriterTests;
			productName = CommentCardWriterTests;
			productReference = AB8EDF3525FB94FC002CF00F /* CommentCardWriterTests.xctest */;
			productType = "com.apple.product-type.bundle.unit-test";
		};
		AB8EDF3F25FB94FC002CF00F /* CommentCardWriterUITests */ = {
			isa = PBXNativeTarget;
			buildConfigurationList = AB8EDF4F25FB94FC002CF00F /* Build configuration list for PBXNativeTarget "CommentCardWriterUITests" */;
			buildPhases = (
				AB8EDF3C25FB94FC002CF00F /* Sources */,
				AB8EDF3D25FB94FC002CF00F /* Frameworks */,
				AB8EDF3E25FB94FC002CF00F /* Resources */,
			);
			buildRules = (
			);
			dependencies = (
				AB8EDF4225FB94FC002CF00F /* PBXTargetDependency */,
			);
			name = CommentCardWriterUITests;
			productName = CommentCardWriterUITests;
			productReference = AB8EDF4025FB94FC002CF00F /* CommentCardWriterUITests.xctest */;
			productType = "com.apple.product-type.bundle.ui-testing";
		};
/* End PBXNativeTarget section */

/* Begin PBXProject section */
		AB8EDF1C25FB94FA002CF00F /* Project object */ = {
			isa = PBXProject;
			attributes = {
				LastSwiftUpdateCheck = 1220;
				LastUpgradeCheck = 1220;
				TargetAttributes = {
					AB8EDF2325FB94FA002CF00F = {
						CreatedOnToolsVersion = 12.2;
					};
					AB8EDF3425FB94FC002CF00F = {
						CreatedOnToolsVersion = 12.2;
						TestTargetID = AB8EDF2325FB94FA002CF00F;
					};
					AB8EDF3F25FB94FC002CF00F = {
						CreatedOnToolsVersion = 12.2;
						TestTargetID = AB8EDF2325FB94FA002CF00F;
					};
				};
			};
			buildConfigurationList = AB8EDF1F25FB94FA002CF00F /* Build configuration list for PBXProject "CommentCardWriter" */;
			compatibilityVersion = "Xcode 9.3";
			developmentRegion = en;
			hasScannedForEncodings = 0;
			knownRegions = (
				en,
				Base,
			);
			mainGroup = AB8EDF1B25FB94FA002CF00F;
			productRefGroup = AB8EDF2525FB94FA002CF00F /* Products */;
			projectDirPath = "";
			projectRoot = "";
			targets = (
				AB8EDF2325FB94FA002CF00F /* CommentCardWriter */,
				AB8EDF3425FB94FC002CF00F /* CommentCardWriterTests */,
				AB8EDF3F25FB94FC002CF00F /* CommentCardWriterUITests */,
			);
		};
/* End PBXProject section */

/* Begin PBXResourcesBuildPhase section */
		AB8EDF2225FB94FA002CF00F /* Resources */ = {
			isa = PBXResourcesBuildPhase;
			buildActionMask = 2147483647;
			files = (
				AB8EDF2F25FB94FC002CF00F /* Preview Assets.xcassets in Resources */,
				AB8EDF2C25FB94FB002CF00F /* Assets.xcassets in Resources */,
			);
			runOnlyForDeploymentPostprocessing = 0;
		};
		AB8EDF3325FB94FC002CF00F /* Resources */ = {
			isa = PBXResourcesBuildPhase;
			buildActionMask = 2147483647;
			files = (
			);
			runOnlyForDeploymentPostprocessing = 0;
		};
		AB8EDF3E25FB94FC002CF00F /* Resources */ = {
			isa = PBXResourcesBuildPhase;
			buildActionMask = 2147483647;
			files = (
			);
			runOnlyForDeploymentPostprocessing = 0;
		};
/* End PBXResourcesBuildPhase section */

/* Begin PBXSourcesBuildPhase section */
		AB8EDF2025FB94FA002CF00F /* Sources */ = {
			isa = PBXSourcesBuildPhase;
			buildActionMask = 2147483647;
			files = (
				AB2D141B25FFB21C008F3D56 /* Data.swift in Sources */,
				AB8EDF5825FB9555002CF00F /* CommentGenerator.swift in Sources */,
				AB8EDF2A25FB94FA002CF00F /* ContentView.swift in Sources */,
				AB2D141125FFB11D008F3D56 /* Term.swift in Sources */,
				AB2D13F925FFB0B5008F3D56 /* CommentView.swift in Sources */,
				AB2D141625FFB184008F3D56 /* Subject.swift in Sources */,
				AB8EDF2825FB94FA002CF00F /* CommentCardWriterApp.swift in Sources */,
				AB2D142325FFB736008F3D56 /* SubjectView.swift in Sources */,
			);
			runOnlyForDeploymentPostprocessing = 0;
		};
		AB8EDF3125FB94FC002CF00F /* Sources */ = {
			isa = PBXSourcesBuildPhase;
			buildActionMask = 2147483647;
			files = (
				AB8EDF3A25FB94FC002CF00F /* CommentCardWriterTests.swift in Sources */,
			);
			runOnlyForDeploymentPostprocessing = 0;
		};
		AB8EDF3C25FB94FC002CF00F /* Sources */ = {
			isa = PBXSourcesBuildPhase;
			buildActionMask = 2147483647;
			files = (
				AB8EDF4525FB94FC002CF00F /* CommentCardWriterUITests.swift in Sources */,
			);
			runOnlyForDeploymentPostprocessing = 0;
		};
/* End PBXSourcesBuildPhase section */

/* Begin PBXTargetDependency section */
		AB8EDF3725FB94FC002CF00F /* PBXTargetDependency */ = {
			isa = PBXTargetDependency;
			target = AB8EDF2325FB94FA002CF00F /* CommentCardWriter */;
			targetProxy = AB8EDF3625FB94FC002CF00F /* PBXContainerItemProxy */;
		};
		AB8EDF4225FB94FC002CF00F /* PBXTargetDependency */ = {
			isa = PBXTargetDependency;
			target = AB8EDF2325FB94FA002CF00F /* CommentCardWriter */;
			targetProxy = AB8EDF4125FB94FC002CF00F /* PBXContainerItemProxy */;
		};
/* End PBXTargetDependency section */

/* Begin XCBuildConfiguration section */
		AB8EDF4725FB94FC002CF00F /* Debug */ = {
			isa = XCBuildConfiguration;
			buildSettings = {
				ALWAYS_SEARCH_USER_PATHS = NO;
				CLANG_ANALYZER_NONNULL = YES;
				CLANG_ANALYZER_NUMBER_OBJECT_CONVERSION = YES_AGGRESSIVE;
				CLANG_CXX_LANGUAGE_STANDARD = "gnu++14";
				CLANG_CXX_LIBRARY = "libc++";
				CLANG_ENABLE_MODULES = YES;
				CLANG_ENABLE_OBJC_ARC = YES;
				CLANG_ENABLE_OBJC_WEAK = YES;
				CLANG_WARN_BLOCK_CAPTURE_AUTORELEASING = YES;
				CLANG_WARN_BOOL_CONVERSION = YES;
				CLANG_WARN_COMMA = YES;
				CLANG_WARN_CONSTANT_CONVERSION = YES;
				CLANG_WARN_DEPRECATED_OBJC_IMPLEMENTATIONS = YES;
				CLANG_WARN_DIRECT_OBJC_ISA_USAGE = YES_ERROR;
				CLANG_WARN_DOCUMENTATION_COMMENTS = YES;
				CLANG_WARN_EMPTY_BODY = YES;
				CLANG_WARN_ENUM_CONVERSION = YES;
				CLANG_WARN_INFINITE_RECURSION = YES;
				CLANG_WARN_INT_CONVERSION = YES;
				CLANG_WARN_NON_LITERAL_NULL_CONVERSION = YES;
				CLANG_WARN_OBJC_IMPLICIT_RETAIN_SELF = YES;
				CLANG_WARN_OBJC_LITERAL_CONVERSION = YES;
				CLANG_WARN_OBJC_ROOT_CLASS = YES_ERROR;
				CLANG_WARN_QUOTED_INCLUDE_IN_FRAMEWORK_HEADER = YES;
				CLANG_WARN_RANGE_LOOP_ANALYSIS = YES;
				CLANG_WARN_STRICT_PROTOTYPES = YES;
				CLANG_WARN_SUSPICIOUS_MOVE = YES;
				CLANG_WARN_UNGUARDED_AVAILABILITY = YES_AGGRESSIVE;
				CLANG_WARN_UNREACHABLE_CODE = YES;
				CLANG_WARN__DUPLICATE_METHOD_MATCH = YES;
				COPY_PHASE_STRIP = NO;
				DEBUG_INFORMATION_FORMAT = dwarf;
				ENABLE_STRICT_OBJC_MSGSEND = YES;
				ENABLE_TESTABILITY = YES;
				GCC_C_LANGUAGE_STANDARD = gnu11;
				GCC_DYNAMIC_NO_PIC = NO;
				GCC_NO_COMMON_BLOCKS = YES;
				GCC_OPTIMIZATION_LEVEL = 0;
				GCC_PREPROCESSOR_DEFINITIONS = (
					"DEBUG=1",
					"$(inherited)",
				);
				GCC_WARN_64_TO_32_BIT_CONVERSION = YES;
				GCC_WARN_ABOUT_RETURN_TYPE = YES_ERROR;
				GCC_WARN_UNDECLARED_SELECTOR = YES;
				GCC_WARN_UNINITIALIZED_AUTOS = YES_AGGRESSIVE;
				GCC_WARN_UNUSED_FUNCTION = YES;
				GCC_WARN_UNUSED_VARIABLE = YES;
				IPHONEOS_DEPLOYMENT_TARGET = 14.2;
				MTL_ENABLE_DEBUG_INFO = INCLUDE_SOURCE;
				MTL_FAST_MATH = YES;
				ONLY_ACTIVE_ARCH = YES;
				SDKROOT = iphoneos;
				SWIFT_ACTIVE_COMPILATION_CONDITIONS = DEBUG;
				SWIFT_OPTIMIZATION_LEVEL = "-Onone";
			};
			name = Debug;
		};
		AB8EDF4825FB94FC002CF00F /* Release */ = {
			isa = XCBuildConfiguration;
			buildSettings = {
				ALWAYS_SEARCH_USER_PATHS = NO;
				CLANG_ANALYZER_NONNULL = YES;
				CLANG_ANALYZER_NUMBER_OBJECT_CONVERSION = YES_AGGRESSIVE;
				CLANG_CXX_LANGUAGE_STANDARD = "gnu++14";
				CLANG_CXX_LIBRARY = "libc++";
				CLANG_ENABLE_MODULES = YES;
				CLANG_ENABLE_OBJC_ARC = YES;
				CLANG_ENABLE_OBJC_WEAK = YES;
				CLANG_WARN_BLOCK_CAPTURE_AUTORELEASING = YES;
				CLANG_WARN_BOOL_CONVERSION = YES;
				CLANG_WARN_COMMA = YES;
				CLANG_WARN_CONSTANT_CONVERSION = YES;
				CLANG_WARN_DEPRECATED_OBJC_IMPLEMENTATIONS = YES;
				CLANG_WARN_DIRECT_OBJC_ISA_USAGE = YES_ERROR;
				CLANG_WARN_DOCUMENTATION_COMMENTS = YES;
				CLANG_WARN_EMPTY_BODY = YES;
				CLANG_WARN_ENUM_CONVERSION = YES;
				CLANG_WARN_INFINITE_RECURSION = YES;
				CLANG_WARN_INT_CONVERSION = YES;
				CLANG_WARN_NON_LITERAL_NULL_CONVERSION = YES;
				CLANG_WARN_OBJC_IMPLICIT_RETAIN_SELF = YES;
				CLANG_WARN_OBJC_LITERAL_CONVERSION = YES;
				CLANG_WARN_OBJC_ROOT_CLASS = YES_ERROR;
				CLANG_WARN_QUOTED_INCLUDE_IN_FRAMEWORK_HEADER = YES;
				CLANG_WARN_RANGE_LOOP_ANALYSIS = YES;
				CLANG_WARN_STRICT_PROTOTYPES = YES;
				CLANG_WARN_SUSPICIOUS_MOVE = YES;
				CLANG_WARN_UNGUARDED_AVAILABILITY = YES_AGGRESSIVE;
				CLANG_WARN_UNREACHABLE_CODE = YES;
				CLANG_WARN__DUPLICATE_METHOD_MATCH = YES;
				COPY_PHASE_STRIP = NO;
				DEBUG_INFORMATION_FORMAT = "dwarf-with-dsym";
				ENABLE_NS_ASSERTIONS = NO;
				ENABLE_STRICT_OBJC_MSGSEND = YES;
				GCC_C_LANGUAGE_STANDARD = gnu11;
				GCC_NO_COMMON_BLOCKS = YES;
				GCC_WARN_64_TO_32_BIT_CONVERSION = YES;
				GCC_WARN_ABOUT_RETURN_TYPE = YES_ERROR;
				GCC_WARN_UNDECLARED_SELECTOR = YES;
				GCC_WARN_UNINITIALIZED_AUTOS = YES_AGGRESSIVE;
				GCC_WARN_UNUSED_FUNCTION = YES;
				GCC_WARN_UNUSED_VARIABLE = YES;
				IPHONEOS_DEPLOYMENT_TARGET = 14.2;
				MTL_ENABLE_DEBUG_INFO = NO;
				MTL_FAST_MATH = YES;
				SDKROOT = iphoneos;
				SWIFT_COMPILATION_MODE = wholemodule;
				SWIFT_OPTIMIZATION_LEVEL = "-O";
				VALIDATE_PRODUCT = YES;
			};
			name = Release;
		};
		AB8EDF4A25FB94FC002CF00F /* Debug */ = {
			isa = XCBuildConfiguration;
			buildSettings = {
				ASSETCATALOG_COMPILER_APPICON_NAME = AppIcon;
				ASSETCATALOG_COMPILER_GLOBAL_ACCENT_COLOR_NAME = AccentColor;
				CODE_SIGN_STYLE = Automatic;
				DEVELOPMENT_ASSET_PATHS = "\"CommentCardWriter/Preview Content\"";
				ENABLE_PREVIEWS = YES;
				INFOPLIST_FILE = CommentCardWriter/Info.plist;
				IPHONEOS_DEPLOYMENT_TARGET = 14.0;
				LD_RUNPATH_SEARCH_PATHS = (
					"$(inherited)",
					"@executable_path/Frameworks",
				);
				PRODUCT_BUNDLE_IDENTIFIER = com.Alevel.CommentCardWriter;
				PRODUCT_NAME = "$(TARGET_NAME)";
				SWIFT_VERSION = 5.0;
				TARGETED_DEVICE_FAMILY = "1,2";
			};
			name = Debug;
		};
		AB8EDF4B25FB94FC002CF00F /* Release */ = {
			isa = XCBuildConfiguration;
			buildSettings = {
				ASSETCATALOG_COMPILER_APPICON_NAME = AppIcon;
				ASSETCATALOG_COMPILER_GLOBAL_ACCENT_COLOR_NAME = AccentColor;
				CODE_SIGN_STYLE = Automatic;
				DEVELOPMENT_ASSET_PATHS = "\"CommentCardWriter/Preview Content\"";
				ENABLE_PREVIEWS = YES;
				INFOPLIST_FILE = CommentCardWriter/Info.plist;
				IPHONEOS_DEPLOYMENT_TARGET = 14.0;
				LD_RUNPATH_SEARCH_PATHS = (
					"$(inherited)",
					"@executable_path/Frameworks",
				);
				PRODUCT_BUNDLE_IDENTIFIER = com.Alevel.CommentCardWriter;
				PRODUCT_NAME = "$(TARGET_NAME)";
				SWIFT_VERSION = 5.0;
				TARGETED_DEVICE_FAMILY = "1,2";
			};
			name = Release;
		};
		AB8EDF4D25FB94FC002CF00F /* Debug */ = {
			isa = XCBuildConfiguration;
			buildSettings = {
				ALWAYS_EMBED_SWIFT_STANDARD_LIBRARIES = YES;
				BUNDLE_LOADER = "$(TEST_HOST)";
				CODE_SIGN_STYLE = Automatic;
				INFOPLIST_FILE = CommentCardWriterTests/Info.plist;
				IPHONEOS_DEPLOYMENT_TARGET = 14.0;
				LD_RUNPATH_SEARCH_PATHS = (
					"$(inherited)",
					"@executable_path/Frameworks",
					"@loader_path/Frameworks",
				);
				PRODUCT_BUNDLE_IDENTIFIER = com.Alevel.CommentCardWriterTests;
				PRODUCT_NAME = "$(TARGET_NAME)";
				SWIFT_VERSION = 5.0;
				TARGETED_DEVICE_FAMILY = "1,2";
				TEST_HOST = "$(BUILT_PRODUCTS_DIR)/CommentCardWriter.app/CommentCardWriter";
			};
			name = Debug;
		};
		AB8EDF4E25FB94FC002CF00F /* Release */ = {
			isa = XCBuildConfiguration;
			buildSettings = {
				ALWAYS_EMBED_SWIFT_STANDARD_LIBRARIES = YES;
				BUNDLE_LOADER = "$(TEST_HOST)";
				CODE_SIGN_STYLE = Automatic;
				INFOPLIST_FILE = CommentCardWriterTests/Info.plist;
				IPHONEOS_DEPLOYMENT_TARGET = 14.0;
				LD_RUNPATH_SEARCH_PATHS = (
					"$(inherited)",
					"@executable_path/Frameworks",
					"@loader_path/Frameworks",
				);
				PRODUCT_BUNDLE_IDENTIFIER = com.Alevel.CommentCardWriterTests;
				PRODUCT_NAME = "$(TARGET_NAME)";
				SWIFT_VERSION = 5.0;
				TARGETED_DEVICE_FAMILY = "1,2";
				TEST_HOST = "$(BUILT_PRODUCTS_DIR)/CommentCardWriter.app/CommentCardWriter";
			};
			name = Release;
		};
		AB8EDF5025FB94FC002CF00F /* Debug */ = {
			isa = XCBuildConfiguration;
			buildSettings = {
				ALWAYS_EMBED_SWIFT_STANDARD_LIBRARIES = YES;
				CODE_SIGN_STYLE = Automatic;
				INFOPLIST_FILE = CommentCardWriterUITests/Info.plist;
				LD_RUNPATH_SEARCH_PATHS = (
					"$(inherited)",
					"@executable_path/Frameworks",
					"@loader_path/Frameworks",
				);
				PRODUCT_BUNDLE_IDENTIFIER = com.Alevel.CommentCardWriterUITests;
				PRODUCT_NAME = "$(TARGET_NAME)";
				SWIFT_VERSION = 5.0;
				TARGETED_DEVICE_FAMILY = "1,2";
				TEST_TARGET_NAME = CommentCardWriter;
			};
			name = Debug;
		};
		AB8EDF5125FB94FC002CF00F /* Release */ = {
			isa = XCBuildConfiguration;
			buildSettings = {
				ALWAYS_EMBED_SWIFT_STANDARD_LIBRARIES = YES;
				CODE_SIGN_STYLE = Automatic;
				INFOPLIST_FILE = CommentCardWriterUITests/Info.plist;
				LD_RUNPATH_SEARCH_PATHS = (
					"$(inherited)",
					"@executable_path/Frameworks",
					"@loader_path/Frameworks",
				);
				PRODUCT_BUNDLE_IDENTIFIER = com.Alevel.CommentCardWriterUITests;
				PRODUCT_NAME = "$(TARGET_NAME)";
				SWIFT_VERSION = 5.0;
				TARGETED_DEVICE_FAMILY = "1,2";
				TEST_TARGET_NAME = CommentCardWriter;
			};
			name = Release;
		};
/* End XCBuildConfiguration section */

/* Begin XCConfigurationList section */
		AB8EDF1F25FB94FA002CF00F /* Build configuration list for PBXProject "CommentCardWriter" */ = {
			isa = XCConfigurationList;
			buildConfigurations = (
				AB8EDF4725FB94FC002CF00F /* Debug */,
				AB8EDF4825FB94FC002CF00F /* Release */,
			);
			defaultConfigurationIsVisible = 0;
			defaultConfigurationName = Release;
		};
		AB8EDF4925FB94FC002CF00F /* Build configuration list for PBXNativeTarget "CommentCardWriter" */ = {
			isa = XCConfigurationList;
			buildConfigurations = (
				AB8EDF4A25FB94FC002CF00F /* Debug */,
				AB8EDF4B25FB94FC002CF00F /* Release */,
			);
			defaultConfigurationIsVisible = 0;
			defaultConfigurationName = Release;
		};
		AB8EDF4C25FB94FC002CF00F /* Build configuration list for PBXNativeTarget "CommentCardWriterTests" */ = {
			isa = XCConfigurationList;
			buildConfigurations = (
				AB8EDF4D25FB94FC002CF00F /* Debug */,
				AB8EDF4E25FB94FC002CF00F /* Release */,
			);
			defaultConfigurationIsVisible = 0;
			defaultConfigurationName = Release;
		};
		AB8EDF4F25FB94FC002CF00F /* Build configuration list for PBXNativeTarget "CommentCardWriterUITests" */ = {
			isa = XCConfigurationList;
			buildConfigurations = (
				AB8EDF5025FB94FC002CF00F /* Debug */,
				AB8EDF5125FB94FC002CF00F /* Release */,
			);
			defaultConfigurationIsVisible = 0;
			defaultConfigurationName = Release;
		};
/* End XCConfigurationList section */
	};
	rootObject = AB8EDF1C25FB94FA002CF00F /* Project object */;
}
